
Microsoft Visual Studio Solution File, Format Version 12.00
# Visual Studio Version 16
VisualStudioVersion = 16.0.32602.291
MinimumVisualStudioVersion = 10.0.40219.1
Project("{FAE04EC0-301F-11D3-BF4B-00C04F79EFBC}") = "CapituloInterfaces", "CapituloInterfaces.csproj", "{3A6EBD1E-C141-47C4-9804-C06A6AC8464D}"
EndProject
Global
	GlobalSection(SolutionConfigurationPlatforms) = preSolution
		Debug|Any CPU = Debug|Any CPU
		Release|Any CPU = Release|Any CPU
	EndGlobalSection
	GlobalSection(ProjectConfigurationPlatforms) = postSolution
		{3A6EBD1E-C141-47C4-9804-C06A6AC8464D}.Debug|Any CPU.ActiveCfg = Debug|Any CPU
		{3A6EBD1E-C141-47C4-9804-C06A6AC8464D}.Debug|Any CPU.Build.0 = Debug|Any CPU
		{3A6EBD1E-C141-47C4-9804-C06A6AC8464D}.Release|Any CPU.ActiveCfg = Release|Any CPU
		{3A6EBD1E-C141-47C4-9804-C06A6AC8464D}.Release|Any CPU.Build.0 = Release|Any CPU
	EndGlobalSection
	GlobalSection(SolutionProperties) = preSolution
		HideSolutionNode = FALSE
	EndGlobalSection
	GlobalSection(ExtensibilityGlobals) = postSolution
		SolutionGuid = {2E02485E-9352-4E60-8BD3-24638770A3D0}
	EndGlobalSection
EndGlobal
